
Microsoft Visual Studio Solution File, Format Version 12.00
# Visual Studio Version 16
VisualStudioVersion = 16.0.33529.622
MinimumVisualStudioVersion = 10.0.40219.1
Project("{FAE04EC0-301F-11D3-BF4B-00C04F79EFBC}") = "githubtutorial3", "githubtutorial3\githubtutorial3.csproj", "{36005ED2-5064-480D-A30B-CC4722744A19}"
EndProject
Global
	GlobalSection(SolutionConfigurationPlatforms) = preSolution
		Debug|Any CPU = Debug|Any CPU
		Release|Any CPU = Release|Any CPU
	EndGlobalSection
	GlobalSection(ProjectConfigurationPlatforms) = postSolution
		{36005ED2-5064-480D-A30B-CC4722744A19}.Debug|Any CPU.ActiveCfg = Debug|Any CPU
		{36005ED2-5064-480D-A30B-CC4722744A19}.Debug|Any CPU.Build.0 = Debug|Any CPU
		{36005ED2-5064-480D-A30B-CC4722744A19}.Release|Any CPU.ActiveCfg = Release|Any CPU
		{36005ED2-5064-480D-A30B-CC4722744A19}.Release|Any CPU.Build.0 = Release|Any CPU
	EndGlobalSection
	GlobalSection(SolutionProperties) = preSolution
		HideSolutionNode = FALSE
	EndGlobalSection
	GlobalSection(ExtensibilityGlobals) = postSolution
		SolutionGuid = {76B9BB7A-6801-42EA-973F-57047376A8A3}
	EndGlobalSection
EndGlobal
